
Microsoft Visual Studio Solution File, Format Version 12.00
# Visual Studio 15
VisualStudioVersion = 15.0.27130.2010
MinimumVisualStudioVersion = 10.0.40219.1
Project("{FAE04EC0-301F-11D3-BF4B-00C04F79EFBC}") = "QCloudAPI_SDK", "QCloudAPI_SDK\QCloudAPI_SDK.csproj", "{3DFE79C5-B2F4-4254-81B9-1FE0B42239EF}"
EndProject
Project("{FAE04EC0-301F-11D3-BF4B-00C04F79EFBC}") = "QCloudAPI_SDK.Net45", "QCloudAPI_SDK\QCloudAPI_SDK.Net45.csproj", "{EAA8E564-1EEC-42D4-9BF0-B2EFD0C4C8EE}"
EndProject
Project("{FAE04EC0-301F-11D3-BF4B-00C04F79EFBC}") = "QCloudAPI_SDK.Net35", "QCloudAPI_SDK\QCloudAPI_SDK.Net35.csproj", "{6B3F6A15-384A-405A-8545-FC48E500024E}"
EndProject
Project("{FAE04EC0-301F-11D3-BF4B-00C04F79EFBC}") = "QCloudAPI_SDK.Net40", "QCloudAPI_SDK\QCloudAPI_SDK.Net40.csproj", "{D833FCCF-5918-498B-8B85-E35D1B5142E4}"
EndProject
Global
	GlobalSection(SolutionConfigurationPlatforms) = preSolution
		Debug|Any CPU = Debug|Any CPU
		Release|Any CPU = Release|Any CPU
	EndGlobalSection
	GlobalSection(ProjectConfigurationPlatforms) = postSolution
		{3DFE79C5-B2F4-4254-81B9-1FE0B42239EF}.Debug|Any CPU.ActiveCfg = Debug|Any CPU
		{3DFE79C5-B2F4-4254-81B9-1FE0B42239EF}.Debug|Any CPU.Build.0 = Debug|Any CPU
		{3DFE79C5-B2F4-4254-81B9-1FE0B42239EF}.Release|Any CPU.ActiveCfg = Release|Any CPU
		{3DFE79C5-B2F4-4254-81B9-1FE0B42239EF}.Release|Any CPU.Build.0 = Release|Any CPU
		{EAA8E564-1EEC-42D4-9BF0-B2EFD0C4C8EE}.Debug|Any CPU.ActiveCfg = Debug|Any CPU
		{EAA8E564-1EEC-42D4-9BF0-B2EFD0C4C8EE}.Debug|Any CPU.Build.0 = Debug|Any CPU
		{EAA8E564-1EEC-42D4-9BF0-B2EFD0C4C8EE}.Release|Any CPU.ActiveCfg = Release|Any CPU
		{EAA8E564-1EEC-42D4-9BF0-B2EFD0C4C8EE}.Release|Any CPU.Build.0 = Release|Any CPU
		{6B3F6A15-384A-405A-8545-FC48E500024E}.Debug|Any CPU.ActiveCfg = Debug|Any CPU
		{6B3F6A15-384A-405A-8545-FC48E500024E}.Debug|Any CPU.Build.0 = Debug|Any CPU
		{6B3F6A15-384A-405A-8545-FC48E500024E}.Release|Any CPU.ActiveCfg = Release|Any CPU
		{6B3F6A15-384A-405A-8545-FC48E500024E}.Release|Any CPU.Build.0 = Release|Any CPU
		{D833FCCF-5918-498B-8B85-E35D1B5142E4}.Debug|Any CPU.ActiveCfg = Debug|Any CPU
		{D833FCCF-5918-498B-8B85-E35D1B5142E4}.Debug|Any CPU.Build.0 = Debug|Any CPU
		{D833FCCF-5918-498B-8B85-E35D1B5142E4}.Release|Any CPU.ActiveCfg = Release|Any CPU
		{D833FCCF-5918-498B-8B85-E35D1B5142E4}.Release|Any CPU.Build.0 = Release|Any CPU
	EndGlobalSection
	GlobalSection(SolutionProperties) = preSolution
		HideSolutionNode = FALSE
	EndGlobalSection
	GlobalSection(ExtensibilityGlobals) = postSolution
		SolutionGuid = {633A150A-E6A7-4548-BBF9-F7A0713768EA}
	EndGlobalSection
EndGlobal
